
Microsoft Visual Studio Solution File, Format Version 12.00
# Visual Studio Version 17
VisualStudioVersion = 17.2.32630.192
MinimumVisualStudioVersion = 10.0.40219.1
Project("{9A19103F-16F7-4668-BE54-9A1E7A4F7556}") = "Day01", "Day01\Day01.csproj", "{4E843A16-92B6-45BE-9981-CECEE93ED3DC}"
EndProject
Project("{9A19103F-16F7-4668-BE54-9A1E7A4F7556}") = "Day02", "Day02\Day02.csproj", "{79685F77-F38A-434A-9310-E7C595937C38}"
EndProject
Project("{9A19103F-16F7-4668-BE54-9A1E7A4F7556}") = "Day03", "Day03\Day03.csproj", "{87D19D5C-B678-481D-BC79-0E1792670049}"
EndProject
Project("{9A19103F-16F7-4668-BE54-9A1E7A4F7556}") = "Day04", "Day04\Day04.csproj", "{4C28CCF0-9446-420A-8587-6A09D24DBCED}"
EndProject
Project("{9A19103F-16F7-4668-BE54-9A1E7A4F7556}") = "Day05", "Day05\Day05.csproj", "{F9896732-235D-40CF-9634-5D3B99E60AA9}"
EndProject
Project("{9A19103F-16F7-4668-BE54-9A1E7A4F7556}") = "Day06", "Day06\Day06.csproj", "{A526377C-A20A-4A34-843D-733A081F5EF9}"
EndProject
Project("{9A19103F-16F7-4668-BE54-9A1E7A4F7556}") = "Day07", "Day07\Day07.csproj", "{A07CBB6C-D9CC-4FC1-BBE2-1299ACC0CDB8}"
EndProject
Project("{9A19103F-16F7-4668-BE54-9A1E7A4F7556}") = "Day08", "Day08\Day08.csproj", "{29F0824A-6006-4646-B085-69F2A37276F4}"
EndProject
Project("{9A19103F-16F7-4668-BE54-9A1E7A4F7556}") = "Day09", "Day09\Day09.csproj", "{76EE85CC-5481-4824-83EA-B53924E66293}"
EndProject
Project("{9A19103F-16F7-4668-BE54-9A1E7A4F7556}") = "Day10", "Day10\Day10.csproj", "{45DBE9D0-D8F7-4F2B-A018-DBA129AF3444}"
EndProject
Project("{9A19103F-16F7-4668-BE54-9A1E7A4F7556}") = "Day11", "Day11\Day11.csproj", "{A6C202C0-D2DA-45BA-9CB6-ECDA4A6AD358}"
EndProject
Project("{9A19103F-16F7-4668-BE54-9A1E7A4F7556}") = "Day12", "Day12\Day12.csproj", "{2138F1FE-D82A-4F15-A985-5CF8F72E129A}"
EndProject
Project("{9A19103F-16F7-4668-BE54-9A1E7A4F7556}") = "Day13", "Day13\Day13.csproj", "{99A7B3EB-C2A6-4305-A44D-D17B9C7870CF}"
EndProject
Project("{9A19103F-16F7-4668-BE54-9A1E7A4F7556}") = "Day14", "Day14\Day14.csproj", "{AFA0655A-0C38-4AC0-AC19-373D9C7B67D0}"
EndProject
Project("{9A19103F-16F7-4668-BE54-9A1E7A4F7556}") = "Day15", "Day15\Day15.csproj", "{85F7885F-3853-4215-A951-792C2E3AC8BB}"
EndProject
Project("{9A19103F-16F7-4668-BE54-9A1E7A4F7556}") = "Day16", "Day16\Day16.csproj", "{DFF50BBF-461E-4DE9-A406-11781A7AD7E8}"
EndProject
Project("{9A19103F-16F7-4668-BE54-9A1E7A4F7556}") = "Day17", "Day17\Day17.csproj", "{006708E5-3EBE-4369-A3D7-A37483FC56BE}"
EndProject
Project("{9A19103F-16F7-4668-BE54-9A1E7A4F7556}") = "Day18", "Day18\Day18.csproj", "{6A31E097-D65F-4E29-83CC-E5911FE1AEAB}"
EndProject
Project("{9A19103F-16F7-4668-BE54-9A1E7A4F7556}") = "Day19", "Day19\Day19.csproj", "{9AD1328B-9076-491F-ABD7-126254B52466}"
EndProject
Project("{9A19103F-16F7-4668-BE54-9A1E7A4F7556}") = "Day20", "Day20\Day20.csproj", "{7F281793-49A5-410E-97B8-DB8AAF7F9CD2}"
EndProject
Project("{9A19103F-16F7-4668-BE54-9A1E7A4F7556}") = "Day21", "Day21\Day21.csproj", "{304259A9-B827-48A2-8E05-39C7347221F3}"
EndProject
Project("{9A19103F-16F7-4668-BE54-9A1E7A4F7556}") = "Day22", "Day22\Day22.csproj", "{399F7F12-974B-4357-B6FC-E1472DAB969F}"
EndProject
Project("{9A19103F-16F7-4668-BE54-9A1E7A4F7556}") = "Day23", "Day23\Day23.csproj", "{C717C0F5-7E67-40FD-8A27-57D944448C2D}"
EndProject
Project("{9A19103F-16F7-4668-BE54-9A1E7A4F7556}") = "Day24", "Day24\Day24.csproj", "{5C210AC4-023C-4B11-83AB-74CD0B4C52FD}"
EndProject
Project("{9A19103F-16F7-4668-BE54-9A1E7A4F7556}") = "Day25", "Day25\Day25.csproj", "{F44C024C-B927-48BB-9EB3-FD527C08127E}"
EndProject
Project("{2150E333-8FDC-42A3-9474-1A3956D46DE8}") = "01 Solution Items", "01 Solution Items", "{2247B0DF-5468-4B6E-B7C2-7AC4CD83AD50}"
	ProjectSection(SolutionItems) = preProject
		.gitignore = .gitignore
	EndProjectSection
EndProject
Project("{FAE04EC0-301F-11D3-BF4B-00C04F79EFBC}") = "Shared", "Shared\Shared.csproj", "{E97874CB-19D4-4D6A-B27B-2182556C3801}"
EndProject
Global
	GlobalSection(SolutionConfigurationPlatforms) = preSolution
		Debug|Any CPU = Debug|Any CPU
		Release|Any CPU = Release|Any CPU
	EndGlobalSection
	GlobalSection(ProjectConfigurationPlatforms) = postSolution
		{4E843A16-92B6-45BE-9981-CECEE93ED3DC}.Debug|Any CPU.ActiveCfg = Debug|Any CPU
		{4E843A16-92B6-45BE-9981-CECEE93ED3DC}.Debug|Any CPU.Build.0 = Debug|Any CPU
		{4E843A16-92B6-45BE-9981-CECEE93ED3DC}.Release|Any CPU.ActiveCfg = Release|Any CPU
		{4E843A16-92B6-45BE-9981-CECEE93ED3DC}.Release|Any CPU.Build.0 = Release|Any CPU
		{79685F77-F38A-434A-9310-E7C595937C38}.Debug|Any CPU.ActiveCfg = Debug|Any CPU
		{79685F77-F38A-434A-9310-E7C595937C38}.Debug|Any CPU.Build.0 = Debug|Any CPU
		{79685F77-F38A-434A-9310-E7C595937C38}.Release|Any CPU.ActiveCfg = Release|Any CPU
		{79685F77-F38A-434A-9310-E7C595937C38}.Release|Any CPU.Build.0 = Release|Any CPU
		{87D19D5C-B678-481D-BC79-0E1792670049}.Debug|Any CPU.ActiveCfg = Debug|Any CPU
		{87D19D5C-B678-481D-BC79-0E1792670049}.Debug|Any CPU.Build.0 = Debug|Any CPU
		{87D19D5C-B678-481D-BC79-0E1792670049}.Release|Any CPU.ActiveCfg = Release|Any CPU
		{87D19D5C-B678-481D-BC79-0E1792670049}.Release|Any CPU.Build.0 = Release|Any CPU
		{4C28CCF0-9446-420A-8587-6A09D24DBCED}.Debug|Any CPU.ActiveCfg = Debug|Any CPU
		{4C28CCF0-9446-420A-8587-6A09D24DBCED}.Debug|Any CPU.Build.0 = Debug|Any CPU
		{4C28CCF0-9446-420A-8587-6A09D24DBCED}.Release|Any CPU.ActiveCfg = Release|Any CPU
		{4C28CCF0-9446-420A-8587-6A09D24DBCED}.Release|Any CPU.Build.0 = Release|Any CPU
		{F9896732-235D-40CF-9634-5D3B99E60AA9}.Debug|Any CPU.ActiveCfg = Debug|Any CPU
		{F9896732-235D-40CF-9634-5D3B99E60AA9}.Debug|Any CPU.Build.0 = Debug|Any CPU
		{F9896732-235D-40CF-9634-5D3B99E60AA9}.Release|Any CPU.ActiveCfg = Release|Any CPU
		{F9896732-235D-40CF-9634-5D3B99E60AA9}.Release|Any CPU.Build.0 = Release|Any CPU
		{A526377C-A20A-4A34-843D-733A081F5EF9}.Debug|Any CPU.ActiveCfg = Debug|Any CPU
		{A526377C-A20A-4A34-843D-733A081F5EF9}.Debug|Any CPU.Build.0 = Debug|Any CPU
		{A526377C-A20A-4A34-843D-733A081F5EF9}.Release|Any CPU.ActiveCfg = Release|Any CPU
		{A526377C-A20A-4A34-843D-733A081F5EF9}.Release|Any CPU.Build.0 = Release|Any CPU
		{A07CBB6C-D9CC-4FC1-BBE2-1299ACC0CDB8}.Debug|Any CPU.ActiveCfg = Debug|Any CPU
		{A07CBB6C-D9CC-4FC1-BBE2-1299ACC0CDB8}.Debug|Any CPU.Build.0 = Debug|Any CPU
		{A07CBB6C-D9CC-4FC1-BBE2-1299ACC0CDB8}.Release|Any CPU.ActiveCfg = Release|Any CPU
		{A07CBB6C-D9CC-4FC1-BBE2-1299ACC0CDB8}.Release|Any CPU.Build.0 = Release|Any CPU
		{29F0824A-6006-4646-B085-69F2A37276F4}.Debug|Any CPU.ActiveCfg = Debug|Any CPU
		{29F0824A-6006-4646-B085-69F2A37276F4}.Debug|Any CPU.Build.0 = Debug|Any CPU
		{29F0824A-6006-4646-B085-69F2A37276F4}.Release|Any CPU.ActiveCfg = Release|Any CPU
		{29F0824A-6006-4646-B085-69F2A37276F4}.Release|Any CPU.Build.0 = Release|Any CPU
		{76EE85CC-5481-4824-83EA-B53924E66293}.Debug|Any CPU.ActiveCfg = Debug|Any CPU
		{76EE85CC-5481-4824-83EA-B53924E66293}.Debug|Any CPU.Build.0 = Debug|Any CPU
		{76EE85CC-5481-4824-83EA-B53924E66293}.Release|Any CPU.ActiveCfg = Release|Any CPU
		{76EE85CC-5481-4824-83EA-B53924E66293}.Release|Any CPU.Build.0 = Release|Any CPU
		{45DBE9D0-D8F7-4F2B-A018-DBA129AF3444}.Debug|Any CPU.ActiveCfg = Debug|Any CPU
		{45DBE9D0-D8F7-4F2B-A018-DBA129AF3444}.Debug|Any CPU.Build.0 = Debug|Any CPU
		{45DBE9D0-D8F7-4F2B-A018-DBA129AF3444}.Release|Any CPU.ActiveCfg = Release|Any CPU
		{45DBE9D0-D8F7-4F2B-A018-DBA129AF3444}.Release|Any CPU.Build.0 = Release|Any CPU
		{A6C202C0-D2DA-45BA-9CB6-ECDA4A6AD358}.Debug|Any CPU.ActiveCfg = Debug|Any CPU
		{A6C202C0-D2DA-45BA-9CB6-ECDA4A6AD358}.Debug|Any CPU.Build.0 = Debug|Any CPU
		{A6C202C0-D2DA-45BA-9CB6-ECDA4A6AD358}.Release|Any CPU.ActiveCfg = Release|Any CPU
		{A6C202C0-D2DA-45BA-9CB6-ECDA4A6AD358}.Release|Any CPU.Build.0 = Release|Any CPU
		{2138F1FE-D82A-4F15-A985-5CF8F72E129A}.Debug|Any CPU.ActiveCfg = Debug|Any CPU
		{2138F1FE-D82A-4F15-A985-5CF8F72E129A}.Debug|Any CPU.Build.0 = Debug|Any CPU
		{2138F1FE-D82A-4F15-A985-5CF8F72E129A}.Release|Any CPU.ActiveCfg = Release|Any CPU
		{2138F1FE-D82A-4F15-A985-5CF8F72E129A}.Release|Any CPU.Build.0 = Release|Any CPU
		{99A7B3EB-C2A6-4305-A44D-D17B9C7870CF}.Debug|Any CPU.ActiveCfg = Debug|Any CPU
		{99A7B3EB-C2A6-4305-A44D-D17B9C7870CF}.Debug|Any CPU.Build.0 = Debug|Any CPU
		{99A7B3EB-C2A6-4305-A44D-D17B9C7870CF}.Release|Any CPU.ActiveCfg = Release|Any CPU
		{99A7B3EB-C2A6-4305-A44D-D17B9C7870CF}.Release|Any CPU.Build.0 = Release|Any CPU
		{AFA0655A-0C38-4AC0-AC19-373D9C7B67D0}.Debug|Any CPU.ActiveCfg = Debug|Any CPU
		{AFA0655A-0C38-4AC0-AC19-373D9C7B67D0}.Debug|Any CPU.Build.0 = Debug|Any CPU
		{AFA0655A-0C38-4AC0-AC19-373D9C7B67D0}.Release|Any CPU.ActiveCfg = Release|Any CPU
		{AFA0655A-0C38-4AC0-AC19-373D9C7B67D0}.Release|Any CPU.Build.0 = Release|Any CPU
		{85F7885F-3853-4215-A951-792C2E3AC8BB}.Debug|Any CPU.ActiveCfg = Debug|Any CPU
		{85F7885F-3853-4215-A951-792C2E3AC8BB}.Debug|Any CPU.Build.0 = Debug|Any CPU
		{85F7885F-3853-4215-A951-792C2E3AC8BB}.Release|Any CPU.ActiveCfg = Release|Any CPU
		{85F7885F-3853-4215-A951-792C2E3AC8BB}.Release|Any CPU.Build.0 = Release|Any CPU
		{DFF50BBF-461E-4DE9-A406-11781A7AD7E8}.Debug|Any CPU.ActiveCfg = Debug|Any CPU
		{DFF50BBF-461E-4DE9-A406-11781A7AD7E8}.Debug|Any CPU.Build.0 = Debug|Any CPU
		{DFF50BBF-461E-4DE9-A406-11781A7AD7E8}.Release|Any CPU.ActiveCfg = Release|Any CPU
		{DFF50BBF-461E-4DE9-A406-11781A7AD7E8}.Release|Any CPU.Build.0 = Release|Any CPU
		{006708E5-3EBE-4369-A3D7-A37483FC56BE}.Debug|Any CPU.ActiveCfg = Debug|Any CPU
		{006708E5-3EBE-4369-A3D7-A37483FC56BE}.Debug|Any CPU.Build.0 = Debug|Any CPU
		{006708E5-3EBE-4369-A3D7-A37483FC56BE}.Release|Any CPU.ActiveCfg = Release|Any CPU
		{006708E5-3EBE-4369-A3D7-A37483FC56BE}.Release|Any CPU.Build.0 = Release|Any CPU
		{6A31E097-D65F-4E29-83CC-E5911FE1AEAB}.Debug|Any CPU.ActiveCfg = Debug|Any CPU
		{6A31E097-D65F-4E29-83CC-E5911FE1AEAB}.Debug|Any CPU.Build.0 = Debug|Any CPU
		{6A31E097-D65F-4E29-83CC-E5911FE1AEAB}.Release|Any CPU.ActiveCfg = Release|Any CPU
		{6A31E097-D65F-4E29-83CC-E5911FE1AEAB}.Release|Any CPU.Build.0 = Release|Any CPU
		{9AD1328B-9076-491F-ABD7-126254B52466}.Debug|Any CPU.ActiveCfg = Debug|Any CPU
		{9AD1328B-9076-491F-ABD7-126254B52466}.Debug|Any CPU.Build.0 = Debug|Any CPU
		{9AD1328B-9076-491F-ABD7-126254B52466}.Release|Any CPU.ActiveCfg = Release|Any CPU
		{9AD1328B-9076-491F-ABD7-126254B52466}.Release|Any CPU.Build.0 = Release|Any CPU
		{7F281793-49A5-410E-97B8-DB8AAF7F9CD2}.Debug|Any CPU.ActiveCfg = Debug|Any CPU
		{7F281793-49A5-410E-97B8-DB8AAF7F9CD2}.Debug|Any CPU.Build.0 = Debug|Any CPU
		{7F281793-49A5-410E-97B8-DB8AAF7F9CD2}.Release|Any CPU.ActiveCfg = Release|Any CPU
		{7F281793-49A5-410E-97B8-DB8AAF7F9CD2}.Release|Any CPU.Build.0 = Release|Any CPU
		{304259A9-B827-48A2-8E05-39C7347221F3}.Debug|Any CPU.ActiveCfg = Debug|Any CPU
		{304259A9-B827-48A2-8E05-39C7347221F3}.Debug|Any CPU.Build.0 = Debug|Any CPU
		{304259A9-B827-48A2-8E05-39C7347221F3}.Release|Any CPU.ActiveCfg = Release|Any CPU
		{304259A9-B827-48A2-8E05-39C7347221F3}.Release|Any CPU.Build.0 = Release|Any CPU
		{399F7F12-974B-4357-B6FC-E1472DAB969F}.Debug|Any CPU.ActiveCfg = Debug|Any CPU
		{399F7F12-974B-4357-B6FC-E1472DAB969F}.Debug|Any CPU.Build.0 = Debug|Any CPU
		{399F7F12-974B-4357-B6FC-E1472DAB969F}.Release|Any CPU.ActiveCfg = Release|Any CPU
		{399F7F12-974B-4357-B6FC-E1472DAB969F}.Release|Any CPU.Build.0 = Release|Any CPU
		{C717C0F5-7E67-40FD-8A27-57D944448C2D}.Debug|Any CPU.ActiveCfg = Debug|Any CPU
		{C717C0F5-7E67-40FD-8A27-57D944448C2D}.Debug|Any CPU.Build.0 = Debug|Any CPU
		{C717C0F5-7E67-40FD-8A27-57D944448C2D}.Release|Any CPU.ActiveCfg = Release|Any CPU
		{C717C0F5-7E67-40FD-8A27-57D944448C2D}.Release|Any CPU.Build.0 = Release|Any CPU
		{5C210AC4-023C-4B11-83AB-74CD0B4C52FD}.Debug|Any CPU.ActiveCfg = Debug|Any CPU
		{5C210AC4-023C-4B11-83AB-74CD0B4C52FD}.Debug|Any CPU.Build.0 = Debug|Any CPU
		{5C210AC4-023C-4B11-83AB-74CD0B4C52FD}.Release|Any CPU.ActiveCfg = Release|Any CPU
		{5C210AC4-023C-4B11-83AB-74CD0B4C52FD}.Release|Any CPU.Build.0 = Release|Any CPU
		{F44C024C-B927-48BB-9EB3-FD527C08127E}.Debug|Any CPU.ActiveCfg = Debug|Any CPU
		{F44C024C-B927-48BB-9EB3-FD527C08127E}.Debug|Any CPU.Build.0 = Debug|Any CPU
		{F44C024C-B927-48BB-9EB3-FD527C08127E}.Release|Any CPU.ActiveCfg = Release|Any CPU
		{F44C024C-B927-48BB-9EB3-FD527C08127E}.Release|Any CPU.Build.0 = Release|Any CPU
		{E97874CB-19D4-4D6A-B27B-2182556C3801}.Debug|Any CPU.ActiveCfg = Debug|Any CPU
		{E97874CB-19D4-4D6A-B27B-2182556C3801}.Debug|Any CPU.Build.0 = Debug|Any CPU
		{E97874CB-19D4-4D6A-B27B-2182556C3801}.Release|Any CPU.ActiveCfg = Release|Any CPU
		{E97874CB-19D4-4D6A-B27B-2182556C3801}.Release|Any CPU.Build.0 = Release|Any CPU
	EndGlobalSection
	GlobalSection(SolutionProperties) = preSolution
		HideSolutionNode = FALSE
	EndGlobalSection
	GlobalSection(ExtensibilityGlobals) = postSolution
		SolutionGuid = {42EB8F63-4A59-4F79-9652-1979FEF0E5D6}
	EndGlobalSection
EndGlobal
